
Microsoft Visual Studio Solution File, Format Version 12.00
Project("{FAE04EC0-301F-11D3-BF4B-00C04F79EFBC}") = "01-UsdToBgn", "01-UsdToBgn\01-UsdToBgn.csproj", "{77473FA8-5FBF-4082-ABFD-6A7621EC3DD9}"
EndProject
Project("{FAE04EC0-301F-11D3-BF4B-00C04F79EFBC}") = "02-RadiansToDegrees", "02-RadiansToDegrees\02-RadiansToDegrees.csproj", "{075DAED1-8978-497D-A270-C585BA422DD1}"
EndProject
Project("{FAE04EC0-301F-11D3-BF4B-00C04F79EFBC}") = "03-DepositCalculator", "03-DepositCalculator\03-DepositCalculator.csproj", "{B37166ED-E50A-44C3-BC7C-D40A3E6E5C41}"
EndProject
Project("{FAE04EC0-301F-11D3-BF4B-00C04F79EFBC}") = "04-VacationBookList", "04-VacationBookList\04-VacationBookList.csproj", "{D0CD532B-AD46-488A-B32A-979781F8D8C8}"
EndProject
Project("{FAE04EC0-301F-11D3-BF4B-00C04F79EFBC}") = "05-SuppliesForSchool", "05-SuppliesForSchool\05-SuppliesForSchool.csproj", "{287EB805-AFCB-49BD-80D2-2D78FE8F8143}"
EndProject
Project("{FAE04EC0-301F-11D3-BF4B-00C04F79EFBC}") = "06-Repainting", "06-Repainting\06-Repainting.csproj", "{C0C649BF-1889-443E-BFB9-4B6484F99130}"
EndProject
Project("{FAE04EC0-301F-11D3-BF4B-00C04F79EFBC}") = "07-FoodDelivery", "07-FoodDelivery\07-FoodDelivery.csproj", "{0DF37AE9-01A1-4C86-BC4C-DC6ACCFBB8DA}"
EndProject
Project("{FAE04EC0-301F-11D3-BF4B-00C04F79EFBC}") = "08-BasketballEquipment", "08-BasketballEquipment\08-BasketballEquipment.csproj", "{1078BD60-828A-488E-A063-02277365AAEA}"
EndProject
Project("{FAE04EC0-301F-11D3-BF4B-00C04F79EFBC}") = "09-FishTank", "09-FishTank\09-FishTank.csproj", "{DA8F65FC-1DBD-417A-ADDD-1A6000D075B4}"
EndProject
Global
	GlobalSection(SolutionConfigurationPlatforms) = preSolution
		Debug|Any CPU = Debug|Any CPU
		Release|Any CPU = Release|Any CPU
	EndGlobalSection
	GlobalSection(ProjectConfigurationPlatforms) = postSolution
		{77473FA8-5FBF-4082-ABFD-6A7621EC3DD9}.Debug|Any CPU.ActiveCfg = Debug|Any CPU
		{77473FA8-5FBF-4082-ABFD-6A7621EC3DD9}.Debug|Any CPU.Build.0 = Debug|Any CPU
		{77473FA8-5FBF-4082-ABFD-6A7621EC3DD9}.Release|Any CPU.ActiveCfg = Release|Any CPU
		{77473FA8-5FBF-4082-ABFD-6A7621EC3DD9}.Release|Any CPU.Build.0 = Release|Any CPU
		{075DAED1-8978-497D-A270-C585BA422DD1}.Debug|Any CPU.ActiveCfg = Debug|Any CPU
		{075DAED1-8978-497D-A270-C585BA422DD1}.Debug|Any CPU.Build.0 = Debug|Any CPU
		{075DAED1-8978-497D-A270-C585BA422DD1}.Release|Any CPU.ActiveCfg = Release|Any CPU
		{075DAED1-8978-497D-A270-C585BA422DD1}.Release|Any CPU.Build.0 = Release|Any CPU
		{B37166ED-E50A-44C3-BC7C-D40A3E6E5C41}.Debug|Any CPU.ActiveCfg = Debug|Any CPU
		{B37166ED-E50A-44C3-BC7C-D40A3E6E5C41}.Debug|Any CPU.Build.0 = Debug|Any CPU
		{B37166ED-E50A-44C3-BC7C-D40A3E6E5C41}.Release|Any CPU.ActiveCfg = Release|Any CPU
		{B37166ED-E50A-44C3-BC7C-D40A3E6E5C41}.Release|Any CPU.Build.0 = Release|Any CPU
		{D0CD532B-AD46-488A-B32A-979781F8D8C8}.Debug|Any CPU.ActiveCfg = Debug|Any CPU
		{D0CD532B-AD46-488A-B32A-979781F8D8C8}.Debug|Any CPU.Build.0 = Debug|Any CPU
		{D0CD532B-AD46-488A-B32A-979781F8D8C8}.Release|Any CPU.ActiveCfg = Release|Any CPU
		{D0CD532B-AD46-488A-B32A-979781F8D8C8}.Release|Any CPU.Build.0 = Release|Any CPU
		{287EB805-AFCB-49BD-80D2-2D78FE8F8143}.Debug|Any CPU.ActiveCfg = Debug|Any CPU
		{287EB805-AFCB-49BD-80D2-2D78FE8F8143}.Debug|Any CPU.Build.0 = Debug|Any CPU
		{287EB805-AFCB-49BD-80D2-2D78FE8F8143}.Release|Any CPU.ActiveCfg = Release|Any CPU
		{287EB805-AFCB-49BD-80D2-2D78FE8F8143}.Release|Any CPU.Build.0 = Release|Any CPU
		{C0C649BF-1889-443E-BFB9-4B6484F99130}.Debug|Any CPU.ActiveCfg = Debug|Any CPU
		{C0C649BF-1889-443E-BFB9-4B6484F99130}.Debug|Any CPU.Build.0 = Debug|Any CPU
		{C0C649BF-1889-443E-BFB9-4B6484F99130}.Release|Any CPU.ActiveCfg = Release|Any CPU
		{C0C649BF-1889-443E-BFB9-4B6484F99130}.Release|Any CPU.Build.0 = Release|Any CPU
		{0DF37AE9-01A1-4C86-BC4C-DC6ACCFBB8DA}.Debug|Any CPU.ActiveCfg = Debug|Any CPU
		{0DF37AE9-01A1-4C86-BC4C-DC6ACCFBB8DA}.Debug|Any CPU.Build.0 = Debug|Any CPU
		{0DF37AE9-01A1-4C86-BC4C-DC6ACCFBB8DA}.Release|Any CPU.ActiveCfg = Release|Any CPU
		{0DF37AE9-01A1-4C86-BC4C-DC6ACCFBB8DA}.Release|Any CPU.Build.0 = Release|Any CPU
		{1078BD60-828A-488E-A063-02277365AAEA}.Debug|Any CPU.ActiveCfg = Debug|Any CPU
		{1078BD60-828A-488E-A063-02277365AAEA}.Debug|Any CPU.Build.0 = Debug|Any CPU
		{1078BD60-828A-488E-A063-02277365AAEA}.Release|Any CPU.ActiveCfg = Release|Any CPU
		{1078BD60-828A-488E-A063-02277365AAEA}.Release|Any CPU.Build.0 = Release|Any CPU
		{DA8F65FC-1DBD-417A-ADDD-1A6000D075B4}.Debug|Any CPU.ActiveCfg = Debug|Any CPU
		{DA8F65FC-1DBD-417A-ADDD-1A6000D075B4}.Debug|Any CPU.Build.0 = Debug|Any CPU
		{DA8F65FC-1DBD-417A-ADDD-1A6000D075B4}.Release|Any CPU.ActiveCfg = Release|Any CPU
		{DA8F65FC-1DBD-417A-ADDD-1A6000D075B4}.Release|Any CPU.Build.0 = Release|Any CPU
	EndGlobalSection
EndGlobal
